
Microsoft Visual Studio Solution File, Format Version 12.00
# Visual Studio Version 16
VisualStudioVersion = 16.0.31005.135
MinimumVisualStudioVersion = 10.0.40219.1
Project("{FAE04EC0-301F-11D3-BF4B-00C04F79EFBC}") = "DSP_AssemblerUI", "DSP_AssemblerUI\DSP_AssemblerUI.csproj", "{7EDE0BA0-773B-43C0-8F28-A448A54DCA31}"
EndProject
Global
	GlobalSection(SolutionConfigurationPlatforms) = preSolution
		Debug|Any CPU = Debug|Any CPU
		Release|Any CPU = Release|Any CPU
	EndGlobalSection
	GlobalSection(ProjectConfigurationPlatforms) = postSolution
		{7EDE0BA0-773B-43C0-8F28-A448A54DCA31}.Debug|Any CPU.ActiveCfg = Debug|Any CPU
		{7EDE0BA0-773B-43C0-8F28-A448A54DCA31}.Debug|Any CPU.Build.0 = Debug|Any CPU
		{7EDE0BA0-773B-43C0-8F28-A448A54DCA31}.Release|Any CPU.ActiveCfg = Release|Any CPU
		{7EDE0BA0-773B-43C0-8F28-A448A54DCA31}.Release|Any CPU.Build.0 = Release|Any CPU
	EndGlobalSection
	GlobalSection(SolutionProperties) = preSolution
		HideSolutionNode = FALSE
	EndGlobalSection
	GlobalSection(ExtensibilityGlobals) = postSolution
		SolutionGuid = {D7956B9B-ADB4-4F47-A126-471F88215A6E}
	EndGlobalSection
EndGlobal
